
Microsoft Visual Studio Solution File, Format Version 12.00
# Visual Studio Version 16
VisualStudioVersion = 16.0.30804.86
MinimumVisualStudioVersion = 10.0.40219.1
Project("{FAE04EC0-301F-11D3-BF4B-00C04F79EFBC}") = "Polimorfizm", "Polimorfizm\Polimorfizm.csproj", "{A92AD7F9-8BAF-4393-8ECE-05ED3AE72692}"
EndProject
Global
	GlobalSection(SolutionConfigurationPlatforms) = preSolution
		Debug|Any CPU = Debug|Any CPU
		Release|Any CPU = Release|Any CPU
	EndGlobalSection
	GlobalSection(ProjectConfigurationPlatforms) = postSolution
		{A92AD7F9-8BAF-4393-8ECE-05ED3AE72692}.Debug|Any CPU.ActiveCfg = Debug|Any CPU
		{A92AD7F9-8BAF-4393-8ECE-05ED3AE72692}.Debug|Any CPU.Build.0 = Debug|Any CPU
		{A92AD7F9-8BAF-4393-8ECE-05ED3AE72692}.Release|Any CPU.ActiveCfg = Release|Any CPU
		{A92AD7F9-8BAF-4393-8ECE-05ED3AE72692}.Release|Any CPU.Build.0 = Release|Any CPU
	EndGlobalSection
	GlobalSection(SolutionProperties) = preSolution
		HideSolutionNode = FALSE
	EndGlobalSection
	GlobalSection(ExtensibilityGlobals) = postSolution
		SolutionGuid = {9DC207E6-EE35-41FB-BC7C-BF41ED861606}
	EndGlobalSection
EndGlobal
